
Microsoft Visual Studio Solution File, Format Version 12.00
# Visual Studio Version 17
VisualStudioVersion = 17.1.32210.238
MinimumVisualStudioVersion = 10.0.40219.1
Project("{FAE04EC0-301F-11D3-BF4B-00C04F79EFBC}") = "CmsWebsite.Api", "CmsWebsite.Api\CmsWebsite.Api.csproj", "{0F2A3E2E-5B86-4E89-9FD0-599BDC48AF32}"
EndProject
Project("{FAE04EC0-301F-11D3-BF4B-00C04F79EFBC}") = "CmsWebsite.Share", "CmsWebsite.Share\CmsWebsite.Share.csproj", "{DF95A07F-449D-4857-9207-08D35D57A632}"
EndProject
Project("{FAE04EC0-301F-11D3-BF4B-00C04F79EFBC}") = "CmsWebsite.Client.Blazor", "CmsWebsite.Client.Blazor\CmsWebsite.Client.Blazor.csproj", "{0D9E3D20-1715-4D1E-85EB-8ECC90B21E53}"
EndProject
Global
	GlobalSection(SolutionConfigurationPlatforms) = preSolution
		Debug|Any CPU = Debug|Any CPU
		Release|Any CPU = Release|Any CPU
	EndGlobalSection
	GlobalSection(ProjectConfigurationPlatforms) = postSolution
		{0F2A3E2E-5B86-4E89-9FD0-599BDC48AF32}.Debug|Any CPU.ActiveCfg = Debug|Any CPU
		{0F2A3E2E-5B86-4E89-9FD0-599BDC48AF32}.Debug|Any CPU.Build.0 = Debug|Any CPU
		{0F2A3E2E-5B86-4E89-9FD0-599BDC48AF32}.Release|Any CPU.ActiveCfg = Release|Any CPU
		{0F2A3E2E-5B86-4E89-9FD0-599BDC48AF32}.Release|Any CPU.Build.0 = Release|Any CPU
		{DF95A07F-449D-4857-9207-08D35D57A632}.Debug|Any CPU.ActiveCfg = Debug|Any CPU
		{DF95A07F-449D-4857-9207-08D35D57A632}.Debug|Any CPU.Build.0 = Debug|Any CPU
		{DF95A07F-449D-4857-9207-08D35D57A632}.Release|Any CPU.ActiveCfg = Release|Any CPU
		{DF95A07F-449D-4857-9207-08D35D57A632}.Release|Any CPU.Build.0 = Release|Any CPU
		{0D9E3D20-1715-4D1E-85EB-8ECC90B21E53}.Debug|Any CPU.ActiveCfg = Debug|Any CPU
		{0D9E3D20-1715-4D1E-85EB-8ECC90B21E53}.Debug|Any CPU.Build.0 = Debug|Any CPU
		{0D9E3D20-1715-4D1E-85EB-8ECC90B21E53}.Release|Any CPU.ActiveCfg = Release|Any CPU
		{0D9E3D20-1715-4D1E-85EB-8ECC90B21E53}.Release|Any CPU.Build.0 = Release|Any CPU
	EndGlobalSection
	GlobalSection(SolutionProperties) = preSolution
		HideSolutionNode = FALSE
	EndGlobalSection
	GlobalSection(ExtensibilityGlobals) = postSolution
		SolutionGuid = {0EB4FAB5-7773-472E-AE81-81360126AC69}
	EndGlobalSection
EndGlobal
